
Microsoft Visual Studio Solution File, Format Version 12.00
# Visual Studio Version 17
VisualStudioVersion = 17.8.34525.116
MinimumVisualStudioVersion = 10.0.40219.1
Project("{2150E333-8FDC-42A3-9474-1A3956D46DE8}") = "src", "src", "{1A779370-6B38-49CD-8F3A-F7034D7A7968}"
EndProject
Project("{2150E333-8FDC-42A3-9474-1A3956D46DE8}") = "tests", "tests", "{6C00F6AA-962E-45B1-BF26-CD819246899D}"
EndProject
Project("{9A19103F-16F7-4668-BE54-9A1E7A4F7556}") = "Leilao.API", "src\Leilao.API\Leilao.API.csproj", "{573D734F-F9A1-4A25-9B47-60CD9042F77F}"
EndProject
Project("{FAE04EC0-301F-11D3-BF4B-00C04F79EFBC}") = "UseCases.Test", "tests\UseCases.Test\UseCases.Test.csproj", "{A363D367-73B8-4E95-8834-6F921671C72C}"
EndProject
Global
	GlobalSection(SolutionConfigurationPlatforms) = preSolution
		Debug|Any CPU = Debug|Any CPU
		Release|Any CPU = Release|Any CPU
	EndGlobalSection
	GlobalSection(ProjectConfigurationPlatforms) = postSolution
		{573D734F-F9A1-4A25-9B47-60CD9042F77F}.Debug|Any CPU.ActiveCfg = Debug|Any CPU
		{573D734F-F9A1-4A25-9B47-60CD9042F77F}.Debug|Any CPU.Build.0 = Debug|Any CPU
		{573D734F-F9A1-4A25-9B47-60CD9042F77F}.Release|Any CPU.ActiveCfg = Release|Any CPU
		{573D734F-F9A1-4A25-9B47-60CD9042F77F}.Release|Any CPU.Build.0 = Release|Any CPU
		{A363D367-73B8-4E95-8834-6F921671C72C}.Debug|Any CPU.ActiveCfg = Debug|Any CPU
		{A363D367-73B8-4E95-8834-6F921671C72C}.Debug|Any CPU.Build.0 = Debug|Any CPU
		{A363D367-73B8-4E95-8834-6F921671C72C}.Release|Any CPU.ActiveCfg = Release|Any CPU
		{A363D367-73B8-4E95-8834-6F921671C72C}.Release|Any CPU.Build.0 = Release|Any CPU
	EndGlobalSection
	GlobalSection(SolutionProperties) = preSolution
		HideSolutionNode = FALSE
	EndGlobalSection
	GlobalSection(NestedProjects) = preSolution
		{573D734F-F9A1-4A25-9B47-60CD9042F77F} = {1A779370-6B38-49CD-8F3A-F7034D7A7968}
		{A363D367-73B8-4E95-8834-6F921671C72C} = {6C00F6AA-962E-45B1-BF26-CD819246899D}
	EndGlobalSection
	GlobalSection(ExtensibilityGlobals) = postSolution
		SolutionGuid = {8A1E2BDE-FEAF-4811-837B-CF803B19EC69}
	EndGlobalSection
EndGlobal
